
Microsoft Visual Studio Solution File, Format Version 12.00
# Visual Studio 15
VisualStudioVersion = 15.0.27130.2036
MinimumVisualStudioVersion = 10.0.40219.1
Project("{FAE04EC0-301F-11D3-BF4B-00C04F79EFBC}") = "KingsGame", "KingsGame\KingsGame.csproj", "{639D4E63-F3F2-466C-BC96-452521F381DD}"
EndProject
Global
	GlobalSection(SolutionConfigurationPlatforms) = preSolution
		Debug|Any CPU = Debug|Any CPU
		Release|Any CPU = Release|Any CPU
	EndGlobalSection
	GlobalSection(ProjectConfigurationPlatforms) = postSolution
		{639D4E63-F3F2-466C-BC96-452521F381DD}.Debug|Any CPU.ActiveCfg = Debug|Any CPU
		{639D4E63-F3F2-466C-BC96-452521F381DD}.Debug|Any CPU.Build.0 = Debug|Any CPU
		{639D4E63-F3F2-466C-BC96-452521F381DD}.Release|Any CPU.ActiveCfg = Release|Any CPU
		{639D4E63-F3F2-466C-BC96-452521F381DD}.Release|Any CPU.Build.0 = Release|Any CPU
	EndGlobalSection
	GlobalSection(SolutionProperties) = preSolution
		HideSolutionNode = FALSE
	EndGlobalSection
	GlobalSection(ExtensibilityGlobals) = postSolution
		SolutionGuid = {45234A22-29A4-4C5F-93D4-22F29613660F}
	EndGlobalSection
EndGlobal
